// !$*UTF8*$!
{
	archiveVersion = 1;
	classes = {
	};
	objectVersion = 56;
	objects = {

/* Begin PBXBuildFile section */
		FA2157922986B025002A597E /* AppDelegate.swift in Sources */ = {isa = PBXBuildFile; fileRef = FA2157912986B025002A597E /* AppDelegate.swift */; };
		FA2157942986B025002A597E /* SceneDelegate.swift in Sources */ = {isa = PBXBuildFile; fileRef = FA2157932986B025002A597E /* SceneDelegate.swift */; };
		FA2157962986B025002A597E /* ViewController.swift in Sources */ = {isa = PBXBuildFile; fileRef = FA2157952986B025002A597E /* ViewController.swift */; };
		FA2157992986B025002A597E /* Main.storyboard in Resources */ = {isa = PBXBuildFile; fileRef = FA2157972986B025002A597E /* Main.storyboard */; };
		FA21579B2986B026002A597E /* Assets.xcassets in Resources */ = {isa = PBXBuildFile; fileRef = FA21579A2986B026002A597E /* Assets.xcassets */; };
		FA21579E2986B026002A597E /* LaunchScreen.storyboard in Resources */ = {isa = PBXBuildFile; fileRef = FA21579C2986B026002A597E /* LaunchScreen.storyboard */; };
		FA2157A92986B026002A597E /* swiftVIPERTests.swift in Sources */ = {isa = PBXBuildFile; fileRef = FA2157A82986B026002A597E /* swiftVIPERTests.swift */; };
		FA2157B32986B026002A597E /* swiftVIPERUITests.swift in Sources */ = {isa = PBXBuildFile; fileRef = FA2157B22986B026002A597E /* swiftVIPERUITests.swift */; };
		FA2157B52986B026002A597E /* swiftVIPERUITestsLaunchTests.swift in Sources */ = {isa = PBXBuildFile; fileRef = FA2157B42986B026002A597E /* swiftVIPERUITestsLaunchTests.swift */; };
/* End PBXBuildFile section */

/* Begin PBXContainerItemProxy section */
		FA2157A52986B026002A597E /* PBXContainerItemProxy */ = {
			isa = PBXContainerItemProxy;
			containerPortal = FA2157862986B025002A597E /* Project object */;
			proxyType = 1;
			remoteGlobalIDString = FA21578D2986B025002A597E;
			remoteInfo = swiftVIPER;
		};
		FA2157AF2986B026002A597E /* PBXContainerItemProxy */ = {
			isa = PBXContainerItemProxy;
			containerPortal = FA2157862986B025002A597E /* Project object */;
			proxyType = 1;
			remoteGlobalIDString = FA21578D2986B025002A597E;
			remoteInfo = swiftVIPER;
		};
/* End PBXContainerItemProxy section */

/* Begin PBXFileReference section */
		FA21578E2986B025002A597E /* swiftVIPER.app */ = {isa = PBXFileReference; explicitFileType = wrapper.application; includeInIndex = 0; path = swiftVIPER.app; sourceTree = BUILT_PRODUCTS_DIR; };
		FA2157912986B025002A597E /* AppDelegate.swift */ = {isa = PBXFileReference; lastKnownFileType = sourcecode.swift; path = AppDelegate.swift; sourceTree = "<group>"; };
		FA2157932986B025002A597E /* SceneDelegate.swift */ = {isa = PBXFileReference; lastKnownFileType = sourcecode.swift; path = SceneDelegate.swift; sourceTree = "<group>"; };
		FA2157952986B025002A597E /* ViewController.swift */ = {isa = PBXFileReference; lastKnownFileType = sourcecode.swift; path = ViewController.swift; sourceTree = "<group>"; };
		FA2157982986B025002A597E /* Base */ = {isa = PBXFileReference; lastKnownFileType = file.storyboard; name = Base; path = Base.lproj/Main.storyboard; sourceTree = "<group>"; };
		FA21579A2986B026002A597E /* Assets.xcassets */ = {isa = PBXFileReference; lastKnownFileType = folder.assetcatalog; path = Assets.xcassets; sourceTree = "<group>"; };
		FA21579D2986B026002A597E /* Base */ = {isa = PBXFileReference; lastKnownFileType = file.storyboard; name = Base; path = Base.lproj/LaunchScreen.storyboard; sourceTree = "<group>"; };
		FA21579F2986B026002A597E /* Info.plist */ = {isa = PBXFileReference; lastKnownFileType = text.plist.xml; path = Info.plist; sourceTree = "<group>"; };
		FA2157A42986B026002A597E /* swiftVIPERTests.xctest */ = {isa = PBXFileReference; explicitFileType = wrapper.cfbundle; includeInIndex = 0; path = swiftVIPERTests.xctest; sourceTree = BUILT_PRODUCTS_DIR; };
		FA2157A82986B026002A597E /* swiftVIPERTests.swift */ = {isa = PBXFileReference; lastKnownFileType = sourcecode.swift; path = swiftVIPERTests.swift; sourceTree = "<group>"; };
		FA2157AE2986B026002A597E /* swiftVIPERUITests.xctest */ = {isa = PBXFileReference; explicitFileType = wrapper.cfbundle; includeInIndex = 0; path = swiftVIPERUITests.xctest; sourceTree = BUILT_PRODUCTS_DIR; };
		FA2157B22986B026002A597E /* swiftVIPERUITests.swift */ = {isa = PBXFileReference; lastKnownFileType = sourcecode.swift; path = swiftVIPERUITests.swift; sourceTree = "<group>"; };
		FA2157B42986B026002A597E /* swiftVIPERUITestsLaunchTests.swift */ = {isa = PBXFileReference; lastKnownFileType = sourcecode.swift; path = swiftVIPERUITestsLaunchTests.swift; sourceTree = "<group>"; };
/* End PBXFileReference section */

/* Begin PBXFrameworksBuildPhase section */
		FA21578B2986B025002A597E /* Frameworks */ = {
			isa = PBXFrameworksBuildPhase;
			buildActionMask = 2147483647;
			files = (
			);
			runOnlyForDeploymentPostprocessing = 0;
		};
		FA2157A12986B026002A597E /* Frameworks */ = {
			isa = PBXFrameworksBuildPhase;
			buildActionMask = 2147483647;
			files = (
			);
			runOnlyForDeploymentPostprocessing = 0;
		};
		FA2157AB2986B026002A597E /* Frameworks */ = {
			isa = PBXFrameworksBuildPhase;
			buildActionMask = 2147483647;
			files = (
			);
			runOnlyForDeploymentPostprocessing = 0;
		};
/* End PBXFrameworksBuildPhase section */

/* Begin PBXGroup section */
		FA2157852986B025002A597E = {
			isa = PBXGroup;
			children = (
				FA2157902986B025002A597E /* swiftVIPER */,
				FA2157A72986B026002A597E /* swiftVIPERTests */,
				FA2157B12986B026002A597E /* swiftVIPERUITests */,
				FA21578F2986B025002A597E /* Products */,
			);
			sourceTree = "<group>";
		};
		FA21578F2986B025002A597E /* Products */ = {
			isa = PBXGroup;
			children = (
				FA21578E2986B025002A597E /* swiftVIPER.app */,
				FA2157A42986B026002A597E /* swiftVIPERTests.xctest */,
				FA2157AE2986B026002A597E /* swiftVIPERUITests.xctest */,
			);
			name = Products;
			sourceTree = "<group>";
		};
		FA2157902986B025002A597E /* swiftVIPER */ = {
			isa = PBXGroup;
			children = (
				FA2157912986B025002A597E /* AppDelegate.swift */,
				FA2157932986B025002A597E /* SceneDelegate.swift */,
				FA2157952986B025002A597E /* ViewController.swift */,
				FA2157972986B025002A597E /* Main.storyboard */,
				FA21579A2986B026002A597E /* Assets.xcassets */,
				FA21579C2986B026002A597E /* LaunchScreen.storyboard */,
				FA21579F2986B026002A597E /* Info.plist */,
			);
			path = swiftVIPER;
			sourceTree = "<group>";
		};
		FA2157A72986B026002A597E /* swiftVIPERTests */ = {
			isa = PBXGroup;
			children = (
				FA2157A82986B026002A597E /* swiftVIPERTests.swift */,
			);
			path = swiftVIPERTests;
			sourceTree = "<group>";
		};
		FA2157B12986B026002A597E /* swiftVIPERUITests */ = {
			isa = PBXGroup;
			children = (
				FA2157B22986B026002A597E /* swiftVIPERUITests.swift */,
				FA2157B42986B026002A597E /* swiftVIPERUITestsLaunchTests.swift */,
			);
			path = swiftVIPERUITests;
			sourceTree = "<group>";
		};
/* End PBXGroup section */

/* Begin PBXNativeTarget section */
		FA21578D2986B025002A597E /* swiftVIPER */ = {
			isa = PBXNativeTarget;
			buildConfigurationList = FA2157B82986B026002A597E /* Build configuration list for PBXNativeTarget "swiftVIPER" */;
			buildPhases = (
				FA21578A2986B025002A597E /* Sources */,
				FA21578B2986B025002A597E /* Frameworks */,
				FA21578C2986B025002A597E /* Resources */,
			);
			buildRules = (
			);
			dependencies = (
			);
			name = swiftVIPER;
			productName = swiftVIPER;
			productReference = FA21578E2986B025002A597E /* swiftVIPER.app */;
			productType = "com.apple.product-type.application";
		};
		FA2157A32986B026002A597E /* swiftVIPERTests */ = {
			isa = PBXNativeTarget;
			buildConfigurationList = FA2157BB2986B026002A597E /* Build configuration list for PBXNativeTarget "swiftVIPERTests" */;
			buildPhases = (
				FA2157A02986B026002A597E /* Sources */,
				FA2157A12986B026002A597E /* Frameworks */,
				FA2157A22986B026002A597E /* Resources */,
			);
			buildRules = (
			);
			dependencies = (
				FA2157A62986B026002A597E /* PBXTargetDependency */,
			);
			name = swiftVIPERTests;
			productName = swiftVIPERTests;
			productReference = FA2157A42986B026002A597E /* swiftVIPERTests.xctest */;
			productType = "com.apple.product-type.bundle.unit-test";
		};
		FA2157AD2986B026002A597E /* swiftVIPERUITests */ = {
			isa = PBXNativeTarget;
			buildConfigurationList = FA2157BE2986B026002A597E /* Build configuration list for PBXNativeTarget "swiftVIPERUITests" */;
			buildPhases = (
				FA2157AA2986B026002A597E /* Sources */,
				FA2157AB2986B026002A597E /* Frameworks */,
				FA2157AC2986B026002A597E /* Resources */,
			);
			buildRules = (
			);
			dependencies = (
				FA2157B02986B026002A597E /* PBXTargetDependency */,
			);
			name = swiftVIPERUITests;
			productName = swiftVIPERUITests;
			productReference = FA2157AE2986B026002A597E /* swiftVIPERUITests.xctest */;
			productType = "com.apple.product-type.bundle.ui-testing";
		};
/* End PBXNativeTarget section */

/* Begin PBXProject section */
		FA2157862986B025002A597E /* Project object */ = {
			isa = PBXProject;
			attributes = {
				BuildIndependentTargetsInParallel = 1;
				LastSwiftUpdateCheck = 1400;
				LastUpgradeCheck = 1400;
				TargetAttributes = {
					FA21578D2986B025002A597E = {
						CreatedOnToolsVersion = 14.0.1;
					};
					FA2157A32986B026002A597E = {
						CreatedOnToolsVersion = 14.0.1;
						TestTargetID = FA21578D2986B025002A597E;
					};
					FA2157AD2986B026002A597E = {
						CreatedOnToolsVersion = 14.0.1;
						TestTargetID = FA21578D2986B025002A597E;
					};
				};
			};
			buildConfigurationList = FA2157892986B025002A597E /* Build configuration list for PBXProject "swiftVIPER" */;
			compatibilityVersion = "Xcode 14.0";
			developmentRegion = en;
			hasScannedForEncodings = 0;
			knownRegions = (
				en,
				Base,
			);
			mainGroup = FA2157852986B025002A597E;
			productRefGroup = FA21578F2986B025002A597E /* Products */;
			projectDirPath = "";
			projectRoot = "";
			targets = (
				FA21578D2986B025002A597E /* swiftVIPER */,
				FA2157A32986B026002A597E /* swiftVIPERTests */,
				FA2157AD2986B026002A597E /* swiftVIPERUITests */,
			);
		};
/* End PBXProject section */

/* Begin PBXResourcesBuildPhase section */
		FA21578C2986B025002A597E /* Resources */ = {
			isa = PBXResourcesBuildPhase;
			buildActionMask = 2147483647;
			files = (
				FA21579E2986B026002A597E /* LaunchScreen.storyboard in Resources */,
				FA21579B2986B026002A597E /* Assets.xcassets in Resources */,
				FA2157992986B025002A597E /* Main.storyboard in Resources */,
			);
			runOnlyForDeploymentPostprocessing = 0;
		};
		FA2157A22986B026002A597E /* Resources */ = {
			isa = PBXResourcesBuildPhase;
			buildActionMask = 2147483647;
			files = (
			);
			runOnlyForDeploymentPostprocessing = 0;
		};
		FA2157AC2986B026002A597E /* Resources */ = {
			isa = PBXResourcesBuildPhase;
			buildActionMask = 2147483647;
			files = (
			);
			runOnlyForDeploymentPostprocessing = 0;
		};
/* End PBXResourcesBuildPhase section */

/* Begin PBXSourcesBuildPhase section */
		FA21578A2986B025002A597E /* Sources */ = {
			isa = PBXSourcesBuildPhase;
			buildActionMask = 2147483647;
			files = (
				FA2157962986B025002A597E /* ViewController.swift in Sources */,
				FA2157922986B025002A597E /* AppDelegate.swift in Sources */,
				FA2157942986B025002A597E /* SceneDelegate.swift in Sources */,
			);
			runOnlyForDeploymentPostprocessing = 0;
		};
		FA2157A02986B026002A597E /* Sources */ = {
			isa = PBXSourcesBuildPhase;
			buildActionMask = 2147483647;
			files = (
				FA2157A92986B026002A597E /* swiftVIPERTests.swift in Sources */,
			);
			runOnlyForDeploymentPostprocessing = 0;
		};
		FA2157AA2986B026002A597E /* Sources */ = {
			isa = PBXSourcesBuildPhase;
			buildActionMask = 2147483647;
			files = (
				FA2157B32986B026002A597E /* swiftVIPERUITests.swift in Sources */,
				FA2157B52986B026002A597E /* swiftVIPERUITestsLaunchTests.swift in Sources */,
			);
			runOnlyForDeploymentPostprocessing = 0;
		};
/* End PBXSourcesBuildPhase section */

/* Begin PBXTargetDependency section */
		FA2157A62986B026002A597E /* PBXTargetDependency */ = {
			isa = PBXTargetDependency;
			target = FA21578D2986B025002A597E /* swiftVIPER */;
			targetProxy = FA2157A52986B026002A597E /* PBXContainerItemProxy */;
		};
		FA2157B02986B026002A597E /* PBXTargetDependency */ = {
			isa = PBXTargetDependency;
			target = FA21578D2986B025002A597E /* swiftVIPER */;
			targetProxy = FA2157AF2986B026002A597E /* PBXContainerItemProxy */;
		};
/* End PBXTargetDependency section */

/* Begin PBXVariantGroup section */
		FA2157972986B025002A597E /* Main.storyboard */ = {
			isa = PBXVariantGroup;
			children = (
				FA2157982986B025002A597E /* Base */,
			);
			name = Main.storyboard;
			sourceTree = "<group>";
		};
		FA21579C2986B026002A597E /* LaunchScreen.storyboard */ = {
			isa = PBXVariantGroup;
			children = (
				FA21579D2986B026002A597E /* Base */,
			);
			name = LaunchScreen.storyboard;
			sourceTree = "<group>";
		};
/* End PBXVariantGroup section */

/* Begin XCBuildConfiguration section */
		FA2157B62986B026002A597E /* Debug */ = {
			isa = XCBuildConfiguration;
			buildSettings = {
				ALWAYS_SEARCH_USER_PATHS = NO;
				CLANG_ANALYZER_NONNULL = YES;
				CLANG_ANALYZER_NUMBER_OBJECT_CONVERSION = YES_AGGRESSIVE;
				CLANG_CXX_LANGUAGE_STANDARD = "gnu++20";
				CLANG_ENABLE_MODULES = YES;
				CLANG_ENABLE_OBJC_ARC = YES;
				CLANG_ENABLE_OBJC_WEAK = YES;
				CLANG_WARN_BLOCK_CAPTURE_AUTORELEASING = YES;
				CLANG_WARN_BOOL_CONVERSION = YES;
				CLANG_WARN_COMMA = YES;
				CLANG_WARN_CONSTANT_CONVERSION = YES;
				CLANG_WARN_DEPRECATED_OBJC_IMPLEMENTATIONS = YES;
				CLANG_WARN_DIRECT_OBJC_ISA_USAGE = YES_ERROR;
				CLANG_WARN_DOCUMENTATION_COMMENTS = YES;
				CLANG_WARN_EMPTY_BODY = YES;
				CLANG_WARN_ENUM_CONVERSION = YES;
				CLANG_WARN_INFINITE_RECURSION = YES;
				CLANG_WARN_INT_CONVERSION = YES;
				CLANG_WARN_NON_LITERAL_NULL_CONVERSION = YES;
				CLANG_WARN_OBJC_IMPLICIT_RETAIN_SELF = YES;
				CLANG_WARN_OBJC_LITERAL_CONVERSION = YES;
				CLANG_WARN_OBJC_ROOT_CLASS = YES_ERROR;
				CLANG_WARN_QUOTED_INCLUDE_IN_FRAMEWORK_HEADER = YES;
				CLANG_WARN_RANGE_LOOP_ANALYSIS = YES;
				CLANG_WARN_STRICT_PROTOTYPES = YES;
				CLANG_WARN_SUSPICIOUS_MOVE = YES;
				CLANG_WARN_UNGUARDED_AVAILABILITY = YES_AGGRESSIVE;
				CLANG_WARN_UNREACHABLE_CODE = YES;
				CLANG_WARN__DUPLICATE_METHOD_MATCH = YES;
				COPY_PHASE_STRIP = NO;
				DEBUG_INFORMATION_FORMAT = dwarf;
				ENABLE_STRICT_OBJC_MSGSEND = YES;
				ENABLE_TESTABILITY = YES;
				GCC_C_LANGUAGE_STANDARD = gnu11;
				GCC_DYNAMIC_NO_PIC = NO;
				GCC_NO_COMMON_BLOCKS = YES;
				GCC_OPTIMIZATION_LEVEL = 0;
				GCC_PREPROCESSOR_DEFINITIONS = (
					"DEBUG=1",
					"$(inherited)",
				);
				GCC_WARN_64_TO_32_BIT_CONVERSION = YES;
				GCC_WARN_ABOUT_RETURN_TYPE = YES_ERROR;
				GCC_WARN_UNDECLARED_SELECTOR = YES;
				GCC_WARN_UNINITIALIZED_AUTOS = YES_AGGRESSIVE;
				GCC_WARN_UNUSED_FUNCTION = YES;
				GCC_WARN_UNUSED_VARIABLE = YES;
				IPHONEOS_DEPLOYMENT_TARGET = 16.0;
				MTL_ENABLE_DEBUG_INFO = INCLUDE_SOURCE;
				MTL_FAST_MATH = YES;
				ONLY_ACTIVE_ARCH = YES;
				SDKROOT = iphoneos;
				SWIFT_ACTIVE_COMPILATION_CONDITIONS = DEBUG;
				SWIFT_OPTIMIZATION_LEVEL = "-Onone";
			};
			name = Debug;
		};
		FA2157B72986B026002A597E /* Release */ = {
			isa = XCBuildConfiguration;
			buildSettings = {
				ALWAYS_SEARCH_USER_PATHS = NO;
				CLANG_ANALYZER_NONNULL = YES;
				CLANG_ANALYZER_NUMBER_OBJECT_CONVERSION = YES_AGGRESSIVE;
				CLANG_CXX_LANGUAGE_STANDARD = "gnu++20";
				CLANG_ENABLE_MODULES = YES;
				CLANG_ENABLE_OBJC_ARC = YES;
				CLANG_ENABLE_OBJC_WEAK = YES;
				CLANG_WARN_BLOCK_CAPTURE_AUTORELEASING = YES;
				CLANG_WARN_BOOL_CONVERSION = YES;
				CLANG_WARN_COMMA = YES;
				CLANG_WARN_CONSTANT_CONVERSION = YES;
				CLANG_WARN_DEPRECATED_OBJC_IMPLEMENTATIONS = YES;
				CLANG_WARN_DIRECT_OBJC_ISA_USAGE = YES_ERROR;
				CLANG_WARN_DOCUMENTATION_COMMENTS = YES;
				CLANG_WARN_EMPTY_BODY = YES;
				CLANG_WARN_ENUM_CONVERSION = YES;
				CLANG_WARN_INFINITE_RECURSION = YES;
				CLANG_WARN_INT_CONVERSION = YES;
				CLANG_WARN_NON_LITERAL_NULL_CONVERSION = YES;
				CLANG_WARN_OBJC_IMPLICIT_RETAIN_SELF = YES;
				CLANG_WARN_OBJC_LITERAL_CONVERSION = YES;
				CLANG_WARN_OBJC_ROOT_CLASS = YES_ERROR;
				CLANG_WARN_QUOTED_INCLUDE_IN_FRAMEWORK_HEADER = YES;
				CLANG_WARN_RANGE_LOOP_ANALYSIS = YES;
				CLANG_WARN_STRICT_PROTOTYPES = YES;
				CLANG_WARN_SUSPICIOUS_MOVE = YES;
				CLANG_WARN_UNGUARDED_AVAILABILITY = YES_AGGRESSIVE;
				CLANG_WARN_UNREACHABLE_CODE = YES;
				CLANG_WARN__DUPLICATE_METHOD_MATCH = YES;
				COPY_PHASE_STRIP = NO;
				DEBUG_INFORMATION_FORMAT = "dwarf-with-dsym";
				ENABLE_NS_ASSERTIONS = NO;
				ENABLE_STRICT_OBJC_MSGSEND = YES;
				GCC_C_LANGUAGE_STANDARD = gnu11;
				GCC_NO_COMMON_BLOCKS = YES;
				GCC_WARN_64_TO_32_BIT_CONVERSION = YES;
				GCC_WARN_ABOUT_RETURN_TYPE = YES_ERROR;
				GCC_WARN_UNDECLARED_SELECTOR = YES;
				GCC_WARN_UNINITIALIZED_AUTOS = YES_AGGRESSIVE;
				GCC_WARN_UNUSED_FUNCTION = YES;
				GCC_WARN_UNUSED_VARIABLE = YES;
				IPHONEOS_DEPLOYMENT_TARGET = 16.0;
				MTL_ENABLE_DEBUG_INFO = NO;
				MTL_FAST_MATH = YES;
				SDKROOT = iphoneos;
				SWIFT_COMPILATION_MODE = wholemodule;
				SWIFT_OPTIMIZATION_LEVEL = "-O";
				VALIDATE_PRODUCT = YES;
			};
			name = Release;
		};
		FA2157B92986B026002A597E /* Debug */ = {
			isa = XCBuildConfiguration;
			buildSettings = {
				ASSETCATALOG_COMPILER_APPICON_NAME = AppIcon;
				ASSETCATALOG_COMPILER_GLOBAL_ACCENT_COLOR_NAME = AccentColor;
				CODE_SIGN_STYLE = Automatic;
				CURRENT_PROJECT_VERSION = 1;
				GENERATE_INFOPLIST_FILE = YES;
				INFOPLIST_FILE = swiftVIPER/Info.plist;
				INFOPLIST_KEY_UIApplicationSupportsIndirectInputEvents = YES;
				INFOPLIST_KEY_UILaunchStoryboardName = LaunchScreen;
				INFOPLIST_KEY_UIMainStoryboardFile = Main;
				INFOPLIST_KEY_UISupportedInterfaceOrientations_iPad = "UIInterfaceOrientationPortrait UIInterfaceOrientationPortraitUpsideDown UIInterfaceOrientationLandscapeLeft UIInterfaceOrientationLandscapeRight";
				INFOPLIST_KEY_UISupportedInterfaceOrientations_iPhone = "UIInterfaceOrientationPortrait UIInterfaceOrientationLandscapeLeft UIInterfaceOrientationLandscapeRight";
				LD_RUNPATH_SEARCH_PATHS = (
					"$(inherited)",
					"@executable_path/Frameworks",
				);
				MARKETING_VERSION = 1.0;
				PRODUCT_BUNDLE_IDENTIFIER = faiz.swiftVIPER;
				PRODUCT_NAME = "$(TARGET_NAME)";
				SWIFT_EMIT_LOC_STRINGS = YES;
				SWIFT_VERSION = 5.0;
				TARGETED_DEVICE_FAMILY = "1,2";
			};
			name = Debug;
		};
		FA2157BA2986B026002A597E /* Release */ = {
			isa = XCBuildConfiguration;
			buildSettings = {
				ASSETCATALOG_COMPILER_APPICON_NAME = AppIcon;
				ASSETCATALOG_COMPILER_GLOBAL_ACCENT_COLOR_NAME = AccentColor;
				CODE_SIGN_STYLE = Automatic;
				CURRENT_PROJECT_VERSION = 1;
				GENERATE_INFOPLIST_FILE = YES;
				INFOPLIST_FILE = swiftVIPER/Info.plist;
				INFOPLIST_KEY_UIApplicationSupportsIndirectInputEvents = YES;
				INFOPLIST_KEY_UILaunchStoryboardName = LaunchScreen;
				INFOPLIST_KEY_UIMainStoryboardFile = Main;
				INFOPLIST_KEY_UISupportedInterfaceOrientations_iPad = "UIInterfaceOrientationPortrait UIInterfaceOrientationPortraitUpsideDown UIInterfaceOrientationLandscapeLeft UIInterfaceOrientationLandscapeRight";
				INFOPLIST_KEY_UISupportedInterfaceOrientations_iPhone = "UIInterfaceOrientationPortrait UIInterfaceOrientationLandscapeLeft UIInterfaceOrientationLandscapeRight";
				LD_RUNPATH_SEARCH_PATHS = (
					"$(inherited)",
					"@executable_path/Frameworks",
				);
				MARKETING_VERSION = 1.0;
				PRODUCT_BUNDLE_IDENTIFIER = faiz.swiftVIPER;
				PRODUCT_NAME = "$(TARGET_NAME)";
				SWIFT_EMIT_LOC_STRINGS = YES;
				SWIFT_VERSION = 5.0;
				TARGETED_DEVICE_FAMILY = "1,2";
			};
			name = Release;
		};
		FA2157BC2986B026002A597E /* Debug */ = {
			isa = XCBuildConfiguration;
			buildSettings = {
				ALWAYS_EMBED_SWIFT_STANDARD_LIBRARIES = YES;
				BUNDLE_LOADER = "$(TEST_HOST)";
				CODE_SIGN_STYLE = Automatic;
				CURRENT_PROJECT_VERSION = 1;
				GENERATE_INFOPLIST_FILE = YES;
				IPHONEOS_DEPLOYMENT_TARGET = 16.0;
				MARKETING_VERSION = 1.0;
				PRODUCT_BUNDLE_IDENTIFIER = faiz.swiftVIPERTests;
				PRODUCT_NAME = "$(TARGET_NAME)";
				SWIFT_EMIT_LOC_STRINGS = NO;
				SWIFT_VERSION = 5.0;
				TARGETED_DEVICE_FAMILY = "1,2";
				TEST_HOST = "$(BUILT_PRODUCTS_DIR)/swiftVIPER.app/$(BUNDLE_EXECUTABLE_FOLDER_PATH)/swiftVIPER";
			};
			name = Debug;
		};
		FA2157BD2986B026002A597E /* Release */ = {
			isa = XCBuildConfiguration;
			buildSettings = {
				ALWAYS_EMBED_SWIFT_STANDARD_LIBRARIES = YES;
				BUNDLE_LOADER = "$(TEST_HOST)";
				CODE_SIGN_STYLE = Automatic;
				CURRENT_PROJECT_VERSION = 1;
				GENERATE_INFOPLIST_FILE = YES;
				IPHONEOS_DEPLOYMENT_TARGET = 16.0;
				MARKETING_VERSION = 1.0;
				PRODUCT_BUNDLE_IDENTIFIER = faiz.swiftVIPERTests;
				PRODUCT_NAME = "$(TARGET_NAME)";
				SWIFT_EMIT_LOC_STRINGS = NO;
				SWIFT_VERSION = 5.0;
				TARGETED_DEVICE_FAMILY = "1,2";
				TEST_HOST = "$(BUILT_PRODUCTS_DIR)/swiftVIPER.app/$(BUNDLE_EXECUTABLE_FOLDER_PATH)/swiftVIPER";
			};
			name = Release;
		};
		FA2157BF2986B026002A597E /* Debug */ = {
			isa = XCBuildConfiguration;
			buildSettings = {
				ALWAYS_EMBED_SWIFT_STANDARD_LIBRARIES = YES;
				CODE_SIGN_STYLE = Automatic;
				CURRENT_PROJECT_VERSION = 1;
				GENERATE_INFOPLIST_FILE = YES;
				MARKETING_VERSION = 1.0;
				PRODUCT_BUNDLE_IDENTIFIER = faiz.swiftVIPERUITests;
				PRODUCT_NAME = "$(TARGET_NAME)";
				SWIFT_EMIT_LOC_STRINGS = NO;
				SWIFT_VERSION = 5.0;
				TARGETED_DEVICE_FAMILY = "1,2";
				TEST_TARGET_NAME = swiftVIPER;
			};
			name = Debug;
		};
		FA2157C02986B026002A597E /* Release */ = {
			isa = XCBuildConfiguration;
			buildSettings = {
				ALWAYS_EMBED_SWIFT_STANDARD_LIBRARIES = YES;
				CODE_SIGN_STYLE = Automatic;
				CURRENT_PROJECT_VERSION = 1;
				GENERATE_INFOPLIST_FILE = YES;
				MARKETING_VERSION = 1.0;
				PRODUCT_BUNDLE_IDENTIFIER = faiz.swiftVIPERUITests;
				PRODUCT_NAME = "$(TARGET_NAME)";
				SWIFT_EMIT_LOC_STRINGS = NO;
				SWIFT_VERSION = 5.0;
				TARGETED_DEVICE_FAMILY = "1,2";
				TEST_TARGET_NAME = swiftVIPER;
			};
			name = Release;
		};
/* End XCBuildConfiguration section */

/* Begin XCConfigurationList section */
		FA2157892986B025002A597E /* Build configuration list for PBXProject "swiftVIPER" */ = {
			isa = XCConfigurationList;
			buildConfigurations = (
				FA2157B62986B026002A597E /* Debug */,
				FA2157B72986B026002A597E /* Release */,
			);
			defaultConfigurationIsVisible = 0;
			defaultConfigurationName = Release;
		};
		FA2157B82986B026002A597E /* Build configuration list for PBXNativeTarget "swiftVIPER" */ = {
			isa = XCConfigurationList;
			buildConfigurations = (
				FA2157B92986B026002A597E /* Debug */,
				FA2157BA2986B026002A597E /* Release */,
			);
			defaultConfigurationIsVisible = 0;
			defaultConfigurationName = Release;
		};
		FA2157BB2986B026002A597E /* Build configuration list for PBXNativeTarget "swiftVIPERTests" */ = {
			isa = XCConfigurationList;
			buildConfigurations = (
				FA2157BC2986B026002A597E /* Debug */,
				FA2157BD2986B026002A597E /* Release */,
			);
			defaultConfigurationIsVisible = 0;
			defaultConfigurationName = Release;
		};
		FA2157BE2986B026002A597E /* Build configuration list for PBXNativeTarget "swiftVIPERUITests" */ = {
			isa = XCConfigurationList;
			buildConfigurations = (
				FA2157BF2986B026002A597E /* Debug */,
				FA2157C02986B026002A597E /* Release */,
			);
			defaultConfigurationIsVisible = 0;
			defaultConfigurationName = Release;
		};
/* End XCConfigurationList section */
	};
	rootObject = FA2157862986B025002A597E /* Project object */;
}
